
Microsoft Visual Studio Solution File, Format Version 12.00
# Visual Studio Version 17
VisualStudioVersion = 17.3.32825.248
MinimumVisualStudioVersion = 10.0.40219.1
Project("{FAE04EC0-301F-11D3-BF4B-00C04F79EFBC}") = "projectSUDOKU", "projectSUDOKU\projectSUDOKU.csproj", "{A980D655-1CA4-41C8-8CB2-C1E7A6ADF62D}"
EndProject
Global
	GlobalSection(SolutionConfigurationPlatforms) = preSolution
		Debug|Any CPU = Debug|Any CPU
		Release|Any CPU = Release|Any CPU
	EndGlobalSection
	GlobalSection(ProjectConfigurationPlatforms) = postSolution
		{A980D655-1CA4-41C8-8CB2-C1E7A6ADF62D}.Debug|Any CPU.ActiveCfg = Debug|Any CPU
		{A980D655-1CA4-41C8-8CB2-C1E7A6ADF62D}.Debug|Any CPU.Build.0 = Debug|Any CPU
		{A980D655-1CA4-41C8-8CB2-C1E7A6ADF62D}.Release|Any CPU.ActiveCfg = Release|Any CPU
		{A980D655-1CA4-41C8-8CB2-C1E7A6ADF62D}.Release|Any CPU.Build.0 = Release|Any CPU
	EndGlobalSection
	GlobalSection(SolutionProperties) = preSolution
		HideSolutionNode = FALSE
	EndGlobalSection
	GlobalSection(ExtensibilityGlobals) = postSolution
		SolutionGuid = {7F67867A-9E0C-4C91-BCCE-814974EB8F2C}
	EndGlobalSection
EndGlobal
